
Microsoft Visual Studio Solution File, Format Version 12.00
# Visual Studio Version 17
VisualStudioVersion = 17.9.34728.123
MinimumVisualStudioVersion = 10.0.40219.1
Project("{9A19103F-16F7-4668-BE54-9A1E7A4F7556}") = "SignalManipulator.Logic", "SignalManipulator.Logic\SignalManipulator.Logic.csproj", "{0903673C-D47A-44C7-94F0-00FE5685C30B}"
EndProject
Project("{9A19103F-16F7-4668-BE54-9A1E7A4F7556}") = "SignalManipulator", "SignalManipulator\SignalManipulator.csproj", "{E982C018-F742-4E5A-8F02-4FCD9E2B032F}"
EndProject
Project("{9A19103F-16F7-4668-BE54-9A1E7A4F7556}") = "SignalManipulator.UI", "SignalManipulator.UI\SignalManipulator.UI.csproj", "{6BECD903-5265-422B-B0A1-03045BE84FD6}"
EndProject
Project("{9A19103F-16F7-4668-BE54-9A1E7A4F7556}") = "SignalManipulator.Tests", "SignalManipulator.Tests\SignalManipulator.Tests.csproj", "{46DBE14A-2388-436C-916F-E18371EB090E}"
EndProject
Project("{FAE04EC0-301F-11D3-BF4B-00C04F79EFBC}") = "SignalManipulator.Benchmarks", "SignalManipulator.Benchmarks\SignalManipulator.Benchmarks.csproj", "{CBDEA088-25A8-46BE-B42E-F8F25C860972}"
EndProject
Global
	GlobalSection(SolutionConfigurationPlatforms) = preSolution
		Debug|Any CPU = Debug|Any CPU
		Release|Any CPU = Release|Any CPU
	EndGlobalSection
	GlobalSection(ProjectConfigurationPlatforms) = postSolution
		{9AC4F227-038E-4AA2-8084-AB1EB0545613}.Debug|Any CPU.ActiveCfg = Debug|Any CPU
		{9AC4F227-038E-4AA2-8084-AB1EB0545613}.Debug|Any CPU.Build.0 = Debug|Any CPU
		{9AC4F227-038E-4AA2-8084-AB1EB0545613}.Release|Any CPU.ActiveCfg = Release|Any CPU
		{9AC4F227-038E-4AA2-8084-AB1EB0545613}.Release|Any CPU.Build.0 = Release|Any CPU
		{0903673C-D47A-44C7-94F0-00FE5685C30B}.Debug|Any CPU.ActiveCfg = Debug|Any CPU
		{0903673C-D47A-44C7-94F0-00FE5685C30B}.Debug|Any CPU.Build.0 = Debug|Any CPU
		{0903673C-D47A-44C7-94F0-00FE5685C30B}.Release|Any CPU.ActiveCfg = Release|Any CPU
		{0903673C-D47A-44C7-94F0-00FE5685C30B}.Release|Any CPU.Build.0 = Release|Any CPU
		{E982C018-F742-4E5A-8F02-4FCD9E2B032F}.Debug|Any CPU.ActiveCfg = Debug|Any CPU
		{E982C018-F742-4E5A-8F02-4FCD9E2B032F}.Debug|Any CPU.Build.0 = Debug|Any CPU
		{E982C018-F742-4E5A-8F02-4FCD9E2B032F}.Release|Any CPU.ActiveCfg = Release|Any CPU
		{E982C018-F742-4E5A-8F02-4FCD9E2B032F}.Release|Any CPU.Build.0 = Release|Any CPU
		{6BECD903-5265-422B-B0A1-03045BE84FD6}.Debug|Any CPU.ActiveCfg = Debug|Any CPU
		{6BECD903-5265-422B-B0A1-03045BE84FD6}.Debug|Any CPU.Build.0 = Debug|Any CPU
		{6BECD903-5265-422B-B0A1-03045BE84FD6}.Release|Any CPU.ActiveCfg = Release|Any CPU
		{6BECD903-5265-422B-B0A1-03045BE84FD6}.Release|Any CPU.Build.0 = Release|Any CPU
		{46DBE14A-2388-436C-916F-E18371EB090E}.Debug|Any CPU.ActiveCfg = Debug|Any CPU
		{46DBE14A-2388-436C-916F-E18371EB090E}.Debug|Any CPU.Build.0 = Debug|Any CPU
		{46DBE14A-2388-436C-916F-E18371EB090E}.Release|Any CPU.ActiveCfg = Release|Any CPU
		{46DBE14A-2388-436C-916F-E18371EB090E}.Release|Any CPU.Build.0 = Release|Any CPU
		{CBDEA088-25A8-46BE-B42E-F8F25C860972}.Debug|Any CPU.ActiveCfg = Debug|Any CPU
		{CBDEA088-25A8-46BE-B42E-F8F25C860972}.Debug|Any CPU.Build.0 = Debug|Any CPU
		{CBDEA088-25A8-46BE-B42E-F8F25C860972}.Release|Any CPU.ActiveCfg = Release|Any CPU
		{CBDEA088-25A8-46BE-B42E-F8F25C860972}.Release|Any CPU.Build.0 = Release|Any CPU
	EndGlobalSection
	GlobalSection(SolutionProperties) = preSolution
		HideSolutionNode = FALSE
	EndGlobalSection
	GlobalSection(ExtensibilityGlobals) = postSolution
		SolutionGuid = {C9CA4E34-84C1-465A-9FCC-91340323B4E7}
	EndGlobalSection
EndGlobal
